
Microsoft Visual Studio Solution File, Format Version 12.00
# Visual Studio Version 16
VisualStudioVersion = 16.0.30804.86
MinimumVisualStudioVersion = 10.0.40219.1
Project("{FAE04EC0-301F-11D3-BF4B-00C04F79EFBC}") = "AmortizationPlanCalculator", "AmortizationPlanCalculator.csproj", "{5C37C1B3-B684-4752-9E8B-EF2D57906658}"
EndProject
Global
	GlobalSection(SolutionConfigurationPlatforms) = preSolution
		Debug|Any CPU = Debug|Any CPU
		Release|Any CPU = Release|Any CPU
	EndGlobalSection
	GlobalSection(ProjectConfigurationPlatforms) = postSolution
		{5C37C1B3-B684-4752-9E8B-EF2D57906658}.Debug|Any CPU.ActiveCfg = Debug|Any CPU
		{5C37C1B3-B684-4752-9E8B-EF2D57906658}.Debug|Any CPU.Build.0 = Debug|Any CPU
		{5C37C1B3-B684-4752-9E8B-EF2D57906658}.Release|Any CPU.ActiveCfg = Release|Any CPU
		{5C37C1B3-B684-4752-9E8B-EF2D57906658}.Release|Any CPU.Build.0 = Release|Any CPU
	EndGlobalSection
	GlobalSection(SolutionProperties) = preSolution
		HideSolutionNode = FALSE
	EndGlobalSection
	GlobalSection(ExtensibilityGlobals) = postSolution
		SolutionGuid = {C648DC77-EAD3-4566-9942-1C4F089FA813}
	EndGlobalSection
EndGlobal
